
Microsoft Visual Studio Solution File, Format Version 12.00
# Visual Studio 14
VisualStudioVersion = 14.0.24720.0
MinimumVisualStudioVersion = 10.0.40219.1
Project("{2150E333-8FDC-42A3-9474-1A3956D46DE8}") = "Web", "Web", "{99FC36D3-D963-4263-BF69-8BD11F801E2B}"
EndProject
Project("{2150E333-8FDC-42A3-9474-1A3956D46DE8}") = "Tests", "Tests", "{0C12FAF3-85BC-43E1-ABB2-6799213942CB}"
EndProject
Project("{2150E333-8FDC-42A3-9474-1A3956D46DE8}") = "Data", "Data", "{8103CD5B-2A92-401C-A854-A31E0FD44DE6}"
EndProject
Project("{2150E333-8FDC-42A3-9474-1A3956D46DE8}") = "Services", "Services", "{A5398FDD-2BE7-452F-9808-E5D3C5B58CC3}"
EndProject
Project("{FAE04EC0-301F-11D3-BF4B-00C04F79EFBC}") = "H8QMedia.Web", "Web\H8QMedia.Web\H8QMedia.Web.csproj", "{67CC40FF-4933-4F83-810E-357E6BC8B973}"
EndProject
Project("{FAE04EC0-301F-11D3-BF4B-00C04F79EFBC}") = "H8QMedia.Data.Models", "Data\H8QMedia.Data.Models\H8QMedia.Data.Models.csproj", "{048DF115-FAD9-4BD4-9BA0-D99DFD32A2B2}"
EndProject
Project("{FAE04EC0-301F-11D3-BF4B-00C04F79EFBC}") = "H8QMedia.Data.Common", "Data\H8QMedia.Data.Common\H8QMedia.Data.Common.csproj", "{EDFE3C57-EF5B-4636-9ECC-D0BACA6B6379}"
EndProject
Project("{FAE04EC0-301F-11D3-BF4B-00C04F79EFBC}") = "H8QMedia.Data", "Data\H8QMedia.Data\H8QMedia.Data.csproj", "{7C950CDC-9587-4B65-A204-988EFED17948}"
EndProject
Project("{FAE04EC0-301F-11D3-BF4B-00C04F79EFBC}") = "H8QMedia.Web.Infrastructure", "Web\H8QMedia.Web.Infrastructure\H8QMedia.Web.Infrastructure.csproj", "{6813DC53-5EEE-4507-8604-5301EE51A0D3}"
EndProject
Project("{FAE04EC0-301F-11D3-BF4B-00C04F79EFBC}") = "H8QMedia.Services.Data", "Services\H8QMedia.Services.Data\H8QMedia.Services.Data.csproj", "{90FE4C4D-122A-406D-8A40-79C561FB8184}"
EndProject
Project("{2150E333-8FDC-42A3-9474-1A3956D46DE8}") = "Tools", "Tools", "{33E0499A-81F4-4CE7-A1BF-6E7103399834}"
EndProject
Project("{FAE04EC0-301F-11D3-BF4B-00C04F79EFBC}") = "H8QMedia.Services.Web", "Services\H8QMedia.Services.Web\H8QMedia.Services.Web.csproj", "{DEAB17A2-58C1-448C-8A66-D49C3AF7FC6C}"
EndProject
Project("{FAE04EC0-301F-11D3-BF4B-00C04F79EFBC}") = "H8QMedia.Services.Web.Tests", "Tests\H8QMedia.Services.Web.Tests\H8QMedia.Services.Web.Tests.csproj", "{D0D962BD-363D-4A22-9DB1-53136CE8EBF4}"
EndProject
Project("{FAE04EC0-301F-11D3-BF4B-00C04F79EFBC}") = "H8QMedia.Web.Routes.Tests", "Tests\H8QMedia.Web.Routes.Tests\H8QMedia.Web.Routes.Tests.csproj", "{C3A300EF-D136-4334-9211-466B9E699339}"
EndProject
Project("{FAE04EC0-301F-11D3-BF4B-00C04F79EFBC}") = "H8QMedia.Web.Controllers.Tests", "Tests\H8QMedia.Web.Controllers.Tests\H8QMedia.Web.Controllers.Tests.csproj", "{7C55353F-CB74-4E8E-B272-42DA1C9C2194}"
EndProject
Project("{2150E333-8FDC-42A3-9474-1A3956D46DE8}") = "Common", "Common", "{41AC5993-8562-49BB-B049-C57FCBAE7C97}"
EndProject
Project("{FAE04EC0-301F-11D3-BF4B-00C04F79EFBC}") = "H8QMedia.Common", "Common\H8QMedia.Common\H8QMedia.Common.csproj", "{D43B3EBA-804B-44B1-8D23-35E45F5463D2}"
EndProject
Global
	GlobalSection(SolutionConfigurationPlatforms) = preSolution
		Debug|Any CPU = Debug|Any CPU
		Debug|ARM = Debug|ARM
		Debug|x64 = Debug|x64
		Debug|x86 = Debug|x86
		Release|Any CPU = Release|Any CPU
		Release|ARM = Release|ARM
		Release|x64 = Release|x64
		Release|x86 = Release|x86
	EndGlobalSection
	GlobalSection(ProjectConfigurationPlatforms) = postSolution
		{67CC40FF-4933-4F83-810E-357E6BC8B973}.Debug|Any CPU.ActiveCfg = Debug|Any CPU
		{67CC40FF-4933-4F83-810E-357E6BC8B973}.Debug|Any CPU.Build.0 = Debug|Any CPU
		{67CC40FF-4933-4F83-810E-357E6BC8B973}.Debug|ARM.ActiveCfg = Debug|Any CPU
		{67CC40FF-4933-4F83-810E-357E6BC8B973}.Debug|ARM.Build.0 = Debug|Any CPU
		{67CC40FF-4933-4F83-810E-357E6BC8B973}.Debug|x64.ActiveCfg = Debug|Any CPU
		{67CC40FF-4933-4F83-810E-357E6BC8B973}.Debug|x64.Build.0 = Debug|Any CPU
		{67CC40FF-4933-4F83-810E-357E6BC8B973}.Debug|x86.ActiveCfg = Debug|Any CPU
		{67CC40FF-4933-4F83-810E-357E6BC8B973}.Debug|x86.Build.0 = Debug|Any CPU
		{67CC40FF-4933-4F83-810E-357E6BC8B973}.Release|Any CPU.ActiveCfg = Release|Any CPU
		{67CC40FF-4933-4F83-810E-357E6BC8B973}.Release|Any CPU.Build.0 = Release|Any CPU
		{67CC40FF-4933-4F83-810E-357E6BC8B973}.Release|ARM.ActiveCfg = Release|Any CPU
		{67CC40FF-4933-4F83-810E-357E6BC8B973}.Release|ARM.Build.0 = Release|Any CPU
		{67CC40FF-4933-4F83-810E-357E6BC8B973}.Release|x64.ActiveCfg = Release|Any CPU
		{67CC40FF-4933-4F83-810E-357E6BC8B973}.Release|x64.Build.0 = Release|Any CPU
		{67CC40FF-4933-4F83-810E-357E6BC8B973}.Release|x86.ActiveCfg = Release|Any CPU
		{67CC40FF-4933-4F83-810E-357E6BC8B973}.Release|x86.Build.0 = Release|Any CPU
		{048DF115-FAD9-4BD4-9BA0-D99DFD32A2B2}.Debug|Any CPU.ActiveCfg = Debug|Any CPU
		{048DF115-FAD9-4BD4-9BA0-D99DFD32A2B2}.Debug|Any CPU.Build.0 = Debug|Any CPU
		{048DF115-FAD9-4BD4-9BA0-D99DFD32A2B2}.Debug|ARM.ActiveCfg = Debug|Any CPU
		{048DF115-FAD9-4BD4-9BA0-D99DFD32A2B2}.Debug|ARM.Build.0 = Debug|Any CPU
		{048DF115-FAD9-4BD4-9BA0-D99DFD32A2B2}.Debug|x64.ActiveCfg = Debug|Any CPU
		{048DF115-FAD9-4BD4-9BA0-D99DFD32A2B2}.Debug|x64.Build.0 = Debug|Any CPU
		{048DF115-FAD9-4BD4-9BA0-D99DFD32A2B2}.Debug|x86.ActiveCfg = Debug|Any CPU
		{048DF115-FAD9-4BD4-9BA0-D99DFD32A2B2}.Debug|x86.Build.0 = Debug|Any CPU
		{048DF115-FAD9-4BD4-9BA0-D99DFD32A2B2}.Release|Any CPU.ActiveCfg = Release|Any CPU
		{048DF115-FAD9-4BD4-9BA0-D99DFD32A2B2}.Release|Any CPU.Build.0 = Release|Any CPU
		{048DF115-FAD9-4BD4-9BA0-D99DFD32A2B2}.Release|ARM.ActiveCfg = Release|Any CPU
		{048DF115-FAD9-4BD4-9BA0-D99DFD32A2B2}.Release|ARM.Build.0 = Release|Any CPU
		{048DF115-FAD9-4BD4-9BA0-D99DFD32A2B2}.Release|x64.ActiveCfg = Release|Any CPU
		{048DF115-FAD9-4BD4-9BA0-D99DFD32A2B2}.Release|x64.Build.0 = Release|Any CPU
		{048DF115-FAD9-4BD4-9BA0-D99DFD32A2B2}.Release|x86.ActiveCfg = Release|Any CPU
		{048DF115-FAD9-4BD4-9BA0-D99DFD32A2B2}.Release|x86.Build.0 = Release|Any CPU
		{EDFE3C57-EF5B-4636-9ECC-D0BACA6B6379}.Debug|Any CPU.ActiveCfg = Debug|Any CPU
		{EDFE3C57-EF5B-4636-9ECC-D0BACA6B6379}.Debug|Any CPU.Build.0 = Debug|Any CPU
		{EDFE3C57-EF5B-4636-9ECC-D0BACA6B6379}.Debug|ARM.ActiveCfg = Debug|Any CPU
		{EDFE3C57-EF5B-4636-9ECC-D0BACA6B6379}.Debug|ARM.Build.0 = Debug|Any CPU
		{EDFE3C57-EF5B-4636-9ECC-D0BACA6B6379}.Debug|x64.ActiveCfg = Debug|Any CPU
		{EDFE3C57-EF5B-4636-9ECC-D0BACA6B6379}.Debug|x64.Build.0 = Debug|Any CPU
		{EDFE3C57-EF5B-4636-9ECC-D0BACA6B6379}.Debug|x86.ActiveCfg = Debug|Any CPU
		{EDFE3C57-EF5B-4636-9ECC-D0BACA6B6379}.Debug|x86.Build.0 = Debug|Any CPU
		{EDFE3C57-EF5B-4636-9ECC-D0BACA6B6379}.Release|Any CPU.ActiveCfg = Release|Any CPU
		{EDFE3C57-EF5B-4636-9ECC-D0BACA6B6379}.Release|Any CPU.Build.0 = Release|Any CPU
		{EDFE3C57-EF5B-4636-9ECC-D0BACA6B6379}.Release|ARM.ActiveCfg = Release|Any CPU
		{EDFE3C57-EF5B-4636-9ECC-D0BACA6B6379}.Release|ARM.Build.0 = Release|Any CPU
		{EDFE3C57-EF5B-4636-9ECC-D0BACA6B6379}.Release|x64.ActiveCfg = Release|Any CPU
		{EDFE3C57-EF5B-4636-9ECC-D0BACA6B6379}.Release|x64.Build.0 = Release|Any CPU
		{EDFE3C57-EF5B-4636-9ECC-D0BACA6B6379}.Release|x86.ActiveCfg = Release|Any CPU
		{EDFE3C57-EF5B-4636-9ECC-D0BACA6B6379}.Release|x86.Build.0 = Release|Any CPU
		{7C950CDC-9587-4B65-A204-988EFED17948}.Debug|Any CPU.ActiveCfg = Debug|Any CPU
		{7C950CDC-9587-4B65-A204-988EFED17948}.Debug|Any CPU.Build.0 = Debug|Any CPU
		{7C950CDC-9587-4B65-A204-988EFED17948}.Debug|ARM.ActiveCfg = Debug|Any CPU
		{7C950CDC-9587-4B65-A204-988EFED17948}.Debug|ARM.Build.0 = Debug|Any CPU
		{7C950CDC-9587-4B65-A204-988EFED17948}.Debug|x64.ActiveCfg = Debug|Any CPU
		{7C950CDC-9587-4B65-A204-988EFED17948}.Debug|x64.Build.0 = Debug|Any CPU
		{7C950CDC-9587-4B65-A204-988EFED17948}.Debug|x86.ActiveCfg = Debug|Any CPU
		{7C950CDC-9587-4B65-A204-988EFED17948}.Debug|x86.Build.0 = Debug|Any CPU
		{7C950CDC-9587-4B65-A204-988EFED17948}.Release|Any CPU.ActiveCfg = Release|Any CPU
		{7C950CDC-9587-4B65-A204-988EFED17948}.Release|Any CPU.Build.0 = Release|Any CPU
		{7C950CDC-9587-4B65-A204-988EFED17948}.Release|ARM.ActiveCfg = Release|Any CPU
		{7C950CDC-9587-4B65-A204-988EFED17948}.Release|ARM.Build.0 = Release|Any CPU
		{7C950CDC-9587-4B65-A204-988EFED17948}.Release|x64.ActiveCfg = Release|Any CPU
		{7C950CDC-9587-4B65-A204-988EFED17948}.Release|x64.Build.0 = Release|Any CPU
		{7C950CDC-9587-4B65-A204-988EFED17948}.Release|x86.ActiveCfg = Release|Any CPU
		{7C950CDC-9587-4B65-A204-988EFED17948}.Release|x86.Build.0 = Release|Any CPU
		{6813DC53-5EEE-4507-8604-5301EE51A0D3}.Debug|Any CPU.ActiveCfg = Debug|Any CPU
		{6813DC53-5EEE-4507-8604-5301EE51A0D3}.Debug|Any CPU.Build.0 = Debug|Any CPU
		{6813DC53-5EEE-4507-8604-5301EE51A0D3}.Debug|ARM.ActiveCfg = Debug|Any CPU
		{6813DC53-5EEE-4507-8604-5301EE51A0D3}.Debug|ARM.Build.0 = Debug|Any CPU
		{6813DC53-5EEE-4507-8604-5301EE51A0D3}.Debug|x64.ActiveCfg = Debug|Any CPU
		{6813DC53-5EEE-4507-8604-5301EE51A0D3}.Debug|x64.Build.0 = Debug|Any CPU
		{6813DC53-5EEE-4507-8604-5301EE51A0D3}.Debug|x86.ActiveCfg = Debug|Any CPU
		{6813DC53-5EEE-4507-8604-5301EE51A0D3}.Debug|x86.Build.0 = Debug|Any CPU
		{6813DC53-5EEE-4507-8604-5301EE51A0D3}.Release|Any CPU.ActiveCfg = Release|Any CPU
		{6813DC53-5EEE-4507-8604-5301EE51A0D3}.Release|Any CPU.Build.0 = Release|Any CPU
		{6813DC53-5EEE-4507-8604-5301EE51A0D3}.Release|ARM.ActiveCfg = Release|Any CPU
		{6813DC53-5EEE-4507-8604-5301EE51A0D3}.Release|ARM.Build.0 = Release|Any CPU
		{6813DC53-5EEE-4507-8604-5301EE51A0D3}.Release|x64.ActiveCfg = Release|Any CPU
		{6813DC53-5EEE-4507-8604-5301EE51A0D3}.Release|x64.Build.0 = Release|Any CPU
		{6813DC53-5EEE-4507-8604-5301EE51A0D3}.Release|x86.ActiveCfg = Release|Any CPU
		{6813DC53-5EEE-4507-8604-5301EE51A0D3}.Release|x86.Build.0 = Release|Any CPU
		{90FE4C4D-122A-406D-8A40-79C561FB8184}.Debug|Any CPU.ActiveCfg = Debug|Any CPU
		{90FE4C4D-122A-406D-8A40-79C561FB8184}.Debug|Any CPU.Build.0 = Debug|Any CPU
		{90FE4C4D-122A-406D-8A40-79C561FB8184}.Debug|ARM.ActiveCfg = Debug|Any CPU
		{90FE4C4D-122A-406D-8A40-79C561FB8184}.Debug|ARM.Build.0 = Debug|Any CPU
		{90FE4C4D-122A-406D-8A40-79C561FB8184}.Debug|x64.ActiveCfg = Debug|Any CPU
		{90FE4C4D-122A-406D-8A40-79C561FB8184}.Debug|x64.Build.0 = Debug|Any CPU
		{90FE4C4D-122A-406D-8A40-79C561FB8184}.Debug|x86.ActiveCfg = Debug|Any CPU
		{90FE4C4D-122A-406D-8A40-79C561FB8184}.Debug|x86.Build.0 = Debug|Any CPU
		{90FE4C4D-122A-406D-8A40-79C561FB8184}.Release|Any CPU.ActiveCfg = Release|Any CPU
		{90FE4C4D-122A-406D-8A40-79C561FB8184}.Release|Any CPU.Build.0 = Release|Any CPU
		{90FE4C4D-122A-406D-8A40-79C561FB8184}.Release|ARM.ActiveCfg = Release|Any CPU
		{90FE4C4D-122A-406D-8A40-79C561FB8184}.Release|ARM.Build.0 = Release|Any CPU
		{90FE4C4D-122A-406D-8A40-79C561FB8184}.Release|x64.ActiveCfg = Release|Any CPU
		{90FE4C4D-122A-406D-8A40-79C561FB8184}.Release|x64.Build.0 = Release|Any CPU
		{90FE4C4D-122A-406D-8A40-79C561FB8184}.Release|x86.ActiveCfg = Release|Any CPU
		{90FE4C4D-122A-406D-8A40-79C561FB8184}.Release|x86.Build.0 = Release|Any CPU
		{DEAB17A2-58C1-448C-8A66-D49C3AF7FC6C}.Debug|Any CPU.ActiveCfg = Debug|Any CPU
		{DEAB17A2-58C1-448C-8A66-D49C3AF7FC6C}.Debug|Any CPU.Build.0 = Debug|Any CPU
		{DEAB17A2-58C1-448C-8A66-D49C3AF7FC6C}.Debug|ARM.ActiveCfg = Debug|Any CPU
		{DEAB17A2-58C1-448C-8A66-D49C3AF7FC6C}.Debug|ARM.Build.0 = Debug|Any CPU
		{DEAB17A2-58C1-448C-8A66-D49C3AF7FC6C}.Debug|x64.ActiveCfg = Debug|Any CPU
		{DEAB17A2-58C1-448C-8A66-D49C3AF7FC6C}.Debug|x64.Build.0 = Debug|Any CPU
		{DEAB17A2-58C1-448C-8A66-D49C3AF7FC6C}.Debug|x86.ActiveCfg = Debug|Any CPU
		{DEAB17A2-58C1-448C-8A66-D49C3AF7FC6C}.Debug|x86.Build.0 = Debug|Any CPU
		{DEAB17A2-58C1-448C-8A66-D49C3AF7FC6C}.Release|Any CPU.ActiveCfg = Release|Any CPU
		{DEAB17A2-58C1-448C-8A66-D49C3AF7FC6C}.Release|Any CPU.Build.0 = Release|Any CPU
		{DEAB17A2-58C1-448C-8A66-D49C3AF7FC6C}.Release|ARM.ActiveCfg = Release|Any CPU
		{DEAB17A2-58C1-448C-8A66-D49C3AF7FC6C}.Release|ARM.Build.0 = Release|Any CPU
		{DEAB17A2-58C1-448C-8A66-D49C3AF7FC6C}.Release|x64.ActiveCfg = Release|Any CPU
		{DEAB17A2-58C1-448C-8A66-D49C3AF7FC6C}.Release|x64.Build.0 = Release|Any CPU
		{DEAB17A2-58C1-448C-8A66-D49C3AF7FC6C}.Release|x86.ActiveCfg = Release|Any CPU
		{DEAB17A2-58C1-448C-8A66-D49C3AF7FC6C}.Release|x86.Build.0 = Release|Any CPU
		{D0D962BD-363D-4A22-9DB1-53136CE8EBF4}.Debug|Any CPU.ActiveCfg = Debug|Any CPU
		{D0D962BD-363D-4A22-9DB1-53136CE8EBF4}.Debug|Any CPU.Build.0 = Debug|Any CPU
		{D0D962BD-363D-4A22-9DB1-53136CE8EBF4}.Debug|ARM.ActiveCfg = Debug|Any CPU
		{D0D962BD-363D-4A22-9DB1-53136CE8EBF4}.Debug|ARM.Build.0 = Debug|Any CPU
		{D0D962BD-363D-4A22-9DB1-53136CE8EBF4}.Debug|x64.ActiveCfg = Debug|Any CPU
		{D0D962BD-363D-4A22-9DB1-53136CE8EBF4}.Debug|x64.Build.0 = Debug|Any CPU
		{D0D962BD-363D-4A22-9DB1-53136CE8EBF4}.Debug|x86.ActiveCfg = Debug|Any CPU
		{D0D962BD-363D-4A22-9DB1-53136CE8EBF4}.Debug|x86.Build.0 = Debug|Any CPU
		{D0D962BD-363D-4A22-9DB1-53136CE8EBF4}.Release|Any CPU.ActiveCfg = Release|Any CPU
		{D0D962BD-363D-4A22-9DB1-53136CE8EBF4}.Release|Any CPU.Build.0 = Release|Any CPU
		{D0D962BD-363D-4A22-9DB1-53136CE8EBF4}.Release|ARM.ActiveCfg = Release|Any CPU
		{D0D962BD-363D-4A22-9DB1-53136CE8EBF4}.Release|ARM.Build.0 = Release|Any CPU
		{D0D962BD-363D-4A22-9DB1-53136CE8EBF4}.Release|x64.ActiveCfg = Release|Any CPU
		{D0D962BD-363D-4A22-9DB1-53136CE8EBF4}.Release|x64.Build.0 = Release|Any CPU
		{D0D962BD-363D-4A22-9DB1-53136CE8EBF4}.Release|x86.ActiveCfg = Release|Any CPU
		{D0D962BD-363D-4A22-9DB1-53136CE8EBF4}.Release|x86.Build.0 = Release|Any CPU
		{C3A300EF-D136-4334-9211-466B9E699339}.Debug|Any CPU.ActiveCfg = Debug|Any CPU
		{C3A300EF-D136-4334-9211-466B9E699339}.Debug|Any CPU.Build.0 = Debug|Any CPU
		{C3A300EF-D136-4334-9211-466B9E699339}.Debug|ARM.ActiveCfg = Debug|Any CPU
		{C3A300EF-D136-4334-9211-466B9E699339}.Debug|ARM.Build.0 = Debug|Any CPU
		{C3A300EF-D136-4334-9211-466B9E699339}.Debug|x64.ActiveCfg = Debug|Any CPU
		{C3A300EF-D136-4334-9211-466B9E699339}.Debug|x64.Build.0 = Debug|Any CPU
		{C3A300EF-D136-4334-9211-466B9E699339}.Debug|x86.ActiveCfg = Debug|Any CPU
		{C3A300EF-D136-4334-9211-466B9E699339}.Debug|x86.Build.0 = Debug|Any CPU
		{C3A300EF-D136-4334-9211-466B9E699339}.Release|Any CPU.ActiveCfg = Release|Any CPU
		{C3A300EF-D136-4334-9211-466B9E699339}.Release|Any CPU.Build.0 = Release|Any CPU
		{C3A300EF-D136-4334-9211-466B9E699339}.Release|ARM.ActiveCfg = Release|Any CPU
		{C3A300EF-D136-4334-9211-466B9E699339}.Release|ARM.Build.0 = Release|Any CPU
		{C3A300EF-D136-4334-9211-466B9E699339}.Release|x64.ActiveCfg = Release|Any CPU
		{C3A300EF-D136-4334-9211-466B9E699339}.Release|x64.Build.0 = Release|Any CPU
		{C3A300EF-D136-4334-9211-466B9E699339}.Release|x86.ActiveCfg = Release|Any CPU
		{C3A300EF-D136-4334-9211-466B9E699339}.Release|x86.Build.0 = Release|Any CPU
		{7C55353F-CB74-4E8E-B272-42DA1C9C2194}.Debug|Any CPU.ActiveCfg = Debug|Any CPU
		{7C55353F-CB74-4E8E-B272-42DA1C9C2194}.Debug|Any CPU.Build.0 = Debug|Any CPU
		{7C55353F-CB74-4E8E-B272-42DA1C9C2194}.Debug|ARM.ActiveCfg = Debug|Any CPU
		{7C55353F-CB74-4E8E-B272-42DA1C9C2194}.Debug|ARM.Build.0 = Debug|Any CPU
		{7C55353F-CB74-4E8E-B272-42DA1C9C2194}.Debug|x64.ActiveCfg = Debug|Any CPU
		{7C55353F-CB74-4E8E-B272-42DA1C9C2194}.Debug|x64.Build.0 = Debug|Any CPU
		{7C55353F-CB74-4E8E-B272-42DA1C9C2194}.Debug|x86.ActiveCfg = Debug|Any CPU
		{7C55353F-CB74-4E8E-B272-42DA1C9C2194}.Debug|x86.Build.0 = Debug|Any CPU
		{7C55353F-CB74-4E8E-B272-42DA1C9C2194}.Release|Any CPU.ActiveCfg = Release|Any CPU
		{7C55353F-CB74-4E8E-B272-42DA1C9C2194}.Release|Any CPU.Build.0 = Release|Any CPU
		{7C55353F-CB74-4E8E-B272-42DA1C9C2194}.Release|ARM.ActiveCfg = Release|Any CPU
		{7C55353F-CB74-4E8E-B272-42DA1C9C2194}.Release|ARM.Build.0 = Release|Any CPU
		{7C55353F-CB74-4E8E-B272-42DA1C9C2194}.Release|x64.ActiveCfg = Release|Any CPU
		{7C55353F-CB74-4E8E-B272-42DA1C9C2194}.Release|x64.Build.0 = Release|Any CPU
		{7C55353F-CB74-4E8E-B272-42DA1C9C2194}.Release|x86.ActiveCfg = Release|Any CPU
		{7C55353F-CB74-4E8E-B272-42DA1C9C2194}.Release|x86.Build.0 = Release|Any CPU
		{D43B3EBA-804B-44B1-8D23-35E45F5463D2}.Debug|Any CPU.ActiveCfg = Debug|Any CPU
		{D43B3EBA-804B-44B1-8D23-35E45F5463D2}.Debug|Any CPU.Build.0 = Debug|Any CPU
		{D43B3EBA-804B-44B1-8D23-35E45F5463D2}.Debug|ARM.ActiveCfg = Debug|Any CPU
		{D43B3EBA-804B-44B1-8D23-35E45F5463D2}.Debug|ARM.Build.0 = Debug|Any CPU
		{D43B3EBA-804B-44B1-8D23-35E45F5463D2}.Debug|x64.ActiveCfg = Debug|Any CPU
		{D43B3EBA-804B-44B1-8D23-35E45F5463D2}.Debug|x64.Build.0 = Debug|Any CPU
		{D43B3EBA-804B-44B1-8D23-35E45F5463D2}.Debug|x86.ActiveCfg = Debug|Any CPU
		{D43B3EBA-804B-44B1-8D23-35E45F5463D2}.Debug|x86.Build.0 = Debug|Any CPU
		{D43B3EBA-804B-44B1-8D23-35E45F5463D2}.Release|Any CPU.ActiveCfg = Release|Any CPU
		{D43B3EBA-804B-44B1-8D23-35E45F5463D2}.Release|Any CPU.Build.0 = Release|Any CPU
		{D43B3EBA-804B-44B1-8D23-35E45F5463D2}.Release|ARM.ActiveCfg = Release|Any CPU
		{D43B3EBA-804B-44B1-8D23-35E45F5463D2}.Release|ARM.Build.0 = Release|Any CPU
		{D43B3EBA-804B-44B1-8D23-35E45F5463D2}.Release|x64.ActiveCfg = Release|Any CPU
		{D43B3EBA-804B-44B1-8D23-35E45F5463D2}.Release|x64.Build.0 = Release|Any CPU
		{D43B3EBA-804B-44B1-8D23-35E45F5463D2}.Release|x86.ActiveCfg = Release|Any CPU
		{D43B3EBA-804B-44B1-8D23-35E45F5463D2}.Release|x86.Build.0 = Release|Any CPU
	EndGlobalSection
	GlobalSection(SolutionProperties) = preSolution
		HideSolutionNode = FALSE
	EndGlobalSection
	GlobalSection(NestedProjects) = preSolution
		{67CC40FF-4933-4F83-810E-357E6BC8B973} = {99FC36D3-D963-4263-BF69-8BD11F801E2B}
		{048DF115-FAD9-4BD4-9BA0-D99DFD32A2B2} = {8103CD5B-2A92-401C-A854-A31E0FD44DE6}
		{EDFE3C57-EF5B-4636-9ECC-D0BACA6B6379} = {8103CD5B-2A92-401C-A854-A31E0FD44DE6}
		{7C950CDC-9587-4B65-A204-988EFED17948} = {8103CD5B-2A92-401C-A854-A31E0FD44DE6}
		{6813DC53-5EEE-4507-8604-5301EE51A0D3} = {99FC36D3-D963-4263-BF69-8BD11F801E2B}
		{90FE4C4D-122A-406D-8A40-79C561FB8184} = {A5398FDD-2BE7-452F-9808-E5D3C5B58CC3}
		{DEAB17A2-58C1-448C-8A66-D49C3AF7FC6C} = {A5398FDD-2BE7-452F-9808-E5D3C5B58CC3}
		{D0D962BD-363D-4A22-9DB1-53136CE8EBF4} = {0C12FAF3-85BC-43E1-ABB2-6799213942CB}
		{C3A300EF-D136-4334-9211-466B9E699339} = {0C12FAF3-85BC-43E1-ABB2-6799213942CB}
		{7C55353F-CB74-4E8E-B272-42DA1C9C2194} = {0C12FAF3-85BC-43E1-ABB2-6799213942CB}
		{D43B3EBA-804B-44B1-8D23-35E45F5463D2} = {41AC5993-8562-49BB-B049-C57FCBAE7C97}
	EndGlobalSection
EndGlobal
